// !$*UTF8*$!
{
	archiveVersion = 1;
	classes = {
	};
	objectVersion = 56;
	objects = {

/* Begin PBXBuildFile section */
		05B183AC2BBF75D500AC51FC /* giraffe.mp4 in Resources */ = {isa = PBXBuildFile; fileRef = 05B183A22BBF75D300AC51FC /* giraffe.mp4 */; };
		05B183AD2BBF75D500AC51FC /* lion.mp4 in Resources */ = {isa = PBXBuildFile; fileRef = 05B183A32BBF75D300AC51FC /* lion.mp4 */; };
		05B183AE2BBF75D500AC51FC /* cheetah.mp4 in Resources */ = {isa = PBXBuildFile; fileRef = 05B183A42BBF75D300AC51FC /* cheetah.mp4 */; };
		05B183AF2BBF75D500AC51FC /* ostrich.mp4 in Resources */ = {isa = PBXBuildFile; fileRef = 05B183A52BBF75D300AC51FC /* ostrich.mp4 */; };
		05B183B02BBF75D500AC51FC /* lioness.mp4 in Resources */ = {isa = PBXBuildFile; fileRef = 05B183A62BBF75D400AC51FC /* lioness.mp4 */; };
		05B183B12BBF75D500AC51FC /* gorilla.mp4 in Resources */ = {isa = PBXBuildFile; fileRef = 05B183A72BBF75D400AC51FC /* gorilla.mp4 */; };
		05B183B22BBF75D500AC51FC /* hippo.mp4 in Resources */ = {isa = PBXBuildFile; fileRef = 05B183A82BBF75D400AC51FC /* hippo.mp4 */; };
		05B183B32BBF75D500AC51FC /* rhino.mp4 in Resources */ = {isa = PBXBuildFile; fileRef = 05B183A92BBF75D400AC51FC /* rhino.mp4 */; };
		05B183B42BBF75D500AC51FC /* zebra.mp4 in Resources */ = {isa = PBXBuildFile; fileRef = 05B183AA2BBF75D400AC51FC /* zebra.mp4 */; };
		05B183B52BBF75D500AC51FC /* elephant.mp4 in Resources */ = {isa = PBXBuildFile; fileRef = 05B183AB2BBF75D400AC51FC /* elephant.mp4 */; };
		05B2F1862BAE547E00D31930 /* InsetFactView.swift in Sources */ = {isa = PBXBuildFile; fileRef = 05B2F1852BAE547E00D31930 /* InsetFactView.swift */; };
		05B2F1882BAE5C3400D31930 /* InsetMapView.swift in Sources */ = {isa = PBXBuildFile; fileRef = 05B2F1872BAE5C3400D31930 /* InsetMapView.swift */; };
		05B6BDBA2BC0C80D00EA3C6A /* LocationModel.swift in Sources */ = {isa = PBXBuildFile; fileRef = 05B6BDB92BC0C80D00EA3C6A /* LocationModel.swift */; };
		05B6BDBC2BC1D61300EA3C6A /* MapAnnotationView.swift in Sources */ = {isa = PBXBuildFile; fileRef = 05B6BDBB2BC1D61300EA3C6A /* MapAnnotationView.swift */; };
		05B6BDBE2BC20C2E00EA3C6A /* MotionAnimationView.swift in Sources */ = {isa = PBXBuildFile; fileRef = 05B6BDBD2BC20C2E00EA3C6A /* MotionAnimationView.swift */; };
		05B6DB7E2BAA650B001F7856 /* DemoAfricaApp.swift in Sources */ = {isa = PBXBuildFile; fileRef = 05B6DB7D2BAA650B001F7856 /* DemoAfricaApp.swift */; };
		05B6DB802BAA650B001F7856 /* ContentView.swift in Sources */ = {isa = PBXBuildFile; fileRef = 05B6DB7F2BAA650B001F7856 /* ContentView.swift */; };
		05B6DB822BAA650D001F7856 /* Assets.xcassets in Resources */ = {isa = PBXBuildFile; fileRef = 05B6DB812BAA650D001F7856 /* Assets.xcassets */; };
		05B6DB852BAA650D001F7856 /* Preview Assets.xcassets in Resources */ = {isa = PBXBuildFile; fileRef = 05B6DB842BAA650D001F7856 /* Preview Assets.xcassets */; };
		05B6DB9B2BAA67A9001F7856 /* locations.json in Resources */ = {isa = PBXBuildFile; fileRef = 05B6DB972BAA67A8001F7856 /* locations.json */; };
		05B6DB9C2BAA67A9001F7856 /* covers.json in Resources */ = {isa = PBXBuildFile; fileRef = 05B6DB982BAA67A9001F7856 /* covers.json */; };
		05B6DB9D2BAA67A9001F7856 /* videos.json in Resources */ = {isa = PBXBuildFile; fileRef = 05B6DB992BAA67A9001F7856 /* videos.json */; };
		05B6DB9E2BAA67A9001F7856 /* animals.json in Resources */ = {isa = PBXBuildFile; fileRef = 05B6DB9A2BAA67A9001F7856 /* animals.json */; };
		05B6DBA32BAA69EA001F7856 /* VideoListView.swift in Sources */ = {isa = PBXBuildFile; fileRef = 05B6DBA22BAA69EA001F7856 /* VideoListView.swift */; };
		05B6DBA52BAA69FF001F7856 /* MapView.swift in Sources */ = {isa = PBXBuildFile; fileRef = 05B6DBA42BAA69FE001F7856 /* MapView.swift */; };
		05B6DBA72BAA6A15001F7856 /* GalleryView.swift in Sources */ = {isa = PBXBuildFile; fileRef = 05B6DBA62BAA6A15001F7856 /* GalleryView.swift */; };
		05B6DBA92BAA6A4D001F7856 /* MainView.swift in Sources */ = {isa = PBXBuildFile; fileRef = 05B6DBA82BAA6A4D001F7856 /* MainView.swift */; };
		05B6DBAC2BABC88D001F7856 /* CoverImageView.swift in Sources */ = {isa = PBXBuildFile; fileRef = 05B6DBAB2BABC88D001F7856 /* CoverImageView.swift */; };
		05B6DBAF2BABCE02001F7856 /* CoverImageModel.swift in Sources */ = {isa = PBXBuildFile; fileRef = 05B6DBAE2BABCE02001F7856 /* CoverImageModel.swift */; };
		05B6DBB22BABCED5001F7856 /* CodableBundleExtension.swift in Sources */ = {isa = PBXBuildFile; fileRef = 05B6DBB12BABCED5001F7856 /* CodableBundleExtension.swift */; };
		05B6DBB42BABDDFE001F7856 /* AnimalListItemView.swift in Sources */ = {isa = PBXBuildFile; fileRef = 05B6DBB32BABDDFE001F7856 /* AnimalListItemView.swift */; };
		05C2913F2BBE28DE002B978B /* VideoModel.swift in Sources */ = {isa = PBXBuildFile; fileRef = 05C2913E2BBE28DE002B978B /* VideoModel.swift */; };
		05C291412BBE294F002B978B /* VideoListItemView.swift in Sources */ = {isa = PBXBuildFile; fileRef = 05C291402BBE294F002B978B /* VideoListItemView.swift */; };
		05C291432BBE3553002B978B /* VideoPlayerView.swift in Sources */ = {isa = PBXBuildFile; fileRef = 05C291422BBE3553002B978B /* VideoPlayerView.swift */; };
		05C291472BBE386F002B978B /* VideoPlayerHelper.swift in Sources */ = {isa = PBXBuildFile; fileRef = 05C291462BBE386F002B978B /* VideoPlayerHelper.swift */; };
		05C30BF32BBCE28F0070767D /* ExternalWebslinkView.swift in Sources */ = {isa = PBXBuildFile; fileRef = 05C30BF22BBCE28F0070767D /* ExternalWebslinkView.swift */; };
		05C675812BACF80A00A9F705 /* AnimalModel.swift in Sources */ = {isa = PBXBuildFile; fileRef = 05C675802BACF80A00A9F705 /* AnimalModel.swift */; };
		05CF20022BAD0576002F5658 /* AnimalDetailView.swift in Sources */ = {isa = PBXBuildFile; fileRef = 05CF20012BAD0576002F5658 /* AnimalDetailView.swift */; };
		05CF20042BAD089B002F5658 /* HeadingView.swift in Sources */ = {isa = PBXBuildFile; fileRef = 05CF20032BAD089B002F5658 /* HeadingView.swift */; };
		05CF20062BAD0A1B002F5658 /* InsetGalleryView.swift in Sources */ = {isa = PBXBuildFile; fileRef = 05CF20052BAD0A1B002F5658 /* InsetGalleryView.swift */; };
/* End PBXBuildFile section */

/* Begin PBXFileReference section */
		05AEAF562BBE3E76008C2E87 /* AVKit.framework */ = {isa = PBXFileReference; lastKnownFileType = wrapper.framework; name = AVKit.framework; path = System/Library/Frameworks/AVKit.framework; sourceTree = SDKROOT; };
		05B183A22BBF75D300AC51FC /* giraffe.mp4 */ = {isa = PBXFileReference; lastKnownFileType = file; path = giraffe.mp4; sourceTree = "<group>"; };
		05B183A32BBF75D300AC51FC /* lion.mp4 */ = {isa = PBXFileReference; lastKnownFileType = file; path = lion.mp4; sourceTree = "<group>"; };
		05B183A42BBF75D300AC51FC /* cheetah.mp4 */ = {isa = PBXFileReference; lastKnownFileType = file; path = cheetah.mp4; sourceTree = "<group>"; };
		05B183A52BBF75D300AC51FC /* ostrich.mp4 */ = {isa = PBXFileReference; lastKnownFileType = file; path = ostrich.mp4; sourceTree = "<group>"; };
		05B183A62BBF75D400AC51FC /* lioness.mp4 */ = {isa = PBXFileReference; lastKnownFileType = file; path = lioness.mp4; sourceTree = "<group>"; };
		05B183A72BBF75D400AC51FC /* gorilla.mp4 */ = {isa = PBXFileReference; lastKnownFileType = file; path = gorilla.mp4; sourceTree = "<group>"; };
		05B183A82BBF75D400AC51FC /* hippo.mp4 */ = {isa = PBXFileReference; lastKnownFileType = file; path = hippo.mp4; sourceTree = "<group>"; };
		05B183A92BBF75D400AC51FC /* rhino.mp4 */ = {isa = PBXFileReference; lastKnownFileType = file; path = rhino.mp4; sourceTree = "<group>"; };
		05B183AA2BBF75D400AC51FC /* zebra.mp4 */ = {isa = PBXFileReference; lastKnownFileType = file; path = zebra.mp4; sourceTree = "<group>"; };
		05B183AB2BBF75D400AC51FC /* elephant.mp4 */ = {isa = PBXFileReference; lastKnownFileType = file; path = elephant.mp4; sourceTree = "<group>"; };
		05B2F1852BAE547E00D31930 /* InsetFactView.swift */ = {isa = PBXFileReference; lastKnownFileType = sourcecode.swift; path = InsetFactView.swift; sourceTree = "<group>"; };
		05B2F1872BAE5C3400D31930 /* InsetMapView.swift */ = {isa = PBXFileReference; lastKnownFileType = sourcecode.swift; path = InsetMapView.swift; sourceTree = "<group>"; };
		05B6BDB92BC0C80D00EA3C6A /* LocationModel.swift */ = {isa = PBXFileReference; lastKnownFileType = sourcecode.swift; path = LocationModel.swift; sourceTree = "<group>"; };
		05B6BDBB2BC1D61300EA3C6A /* MapAnnotationView.swift */ = {isa = PBXFileReference; lastKnownFileType = sourcecode.swift; path = MapAnnotationView.swift; sourceTree = "<group>"; };
		05B6BDBD2BC20C2E00EA3C6A /* MotionAnimationView.swift */ = {isa = PBXFileReference; lastKnownFileType = sourcecode.swift; path = MotionAnimationView.swift; sourceTree = "<group>"; };
		05B6DB7A2BAA650B001F7856 /* DemoAfrica.app */ = {isa = PBXFileReference; explicitFileType = wrapper.application; includeInIndex = 0; path = DemoAfrica.app; sourceTree = BUILT_PRODUCTS_DIR; };
		05B6DB7D2BAA650B001F7856 /* DemoAfricaApp.swift */ = {isa = PBXFileReference; lastKnownFileType = sourcecode.swift; path = DemoAfricaApp.swift; sourceTree = "<group>"; };
		05B6DB7F2BAA650B001F7856 /* ContentView.swift */ = {isa = PBXFileReference; lastKnownFileType = sourcecode.swift; path = ContentView.swift; sourceTree = "<group>"; };
		05B6DB812BAA650D001F7856 /* Assets.xcassets */ = {isa = PBXFileReference; lastKnownFileType = folder.assetcatalog; path = Assets.xcassets; sourceTree = "<group>"; };
		05B6DB842BAA650D001F7856 /* Preview Assets.xcassets */ = {isa = PBXFileReference; lastKnownFileType = folder.assetcatalog; path = "Preview Assets.xcassets"; sourceTree = "<group>"; };
		05B6DB972BAA67A8001F7856 /* locations.json */ = {isa = PBXFileReference; fileEncoding = 4; lastKnownFileType = text.json; path = locations.json; sourceTree = "<group>"; };
		05B6DB982BAA67A9001F7856 /* covers.json */ = {isa = PBXFileReference; fileEncoding = 4; lastKnownFileType = text.json; path = covers.json; sourceTree = "<group>"; };
		05B6DB992BAA67A9001F7856 /* videos.json */ = {isa = PBXFileReference; fileEncoding = 4; lastKnownFileType = text.json; path = videos.json; sourceTree = "<group>"; };
		05B6DB9A2BAA67A9001F7856 /* animals.json */ = {isa = PBXFileReference; fileEncoding = 4; lastKnownFileType = text.json; path = animals.json; sourceTree = "<group>"; };
		05B6DB9F2BAA68A3001F7856 /* Info.plist */ = {isa = PBXFileReference; lastKnownFileType = text.plist; path = Info.plist; sourceTree = "<group>"; };
		05B6DBA22BAA69EA001F7856 /* VideoListView.swift */ = {isa = PBXFileReference; lastKnownFileType = sourcecode.swift; path = VideoListView.swift; sourceTree = "<group>"; };
		05B6DBA42BAA69FE001F7856 /* MapView.swift */ = {isa = PBXFileReference; lastKnownFileType = sourcecode.swift; path = MapView.swift; sourceTree = "<group>"; };
		05B6DBA62BAA6A15001F7856 /* GalleryView.swift */ = {isa = PBXFileReference; lastKnownFileType = sourcecode.swift; path = GalleryView.swift; sourceTree = "<group>"; };
		05B6DBA82BAA6A4D001F7856 /* MainView.swift */ = {isa = PBXFileReference; lastKnownFileType = sourcecode.swift; path = MainView.swift; sourceTree = "<group>"; };
		05B6DBAB2BABC88D001F7856 /* CoverImageView.swift */ = {isa = PBXFileReference; lastKnownFileType = sourcecode.swift; path = CoverImageView.swift; sourceTree = "<group>"; };
		05B6DBAE2BABCE02001F7856 /* CoverImageModel.swift */ = {isa = PBXFileReference; lastKnownFileType = sourcecode.swift; path = CoverImageModel.swift; sourceTree = "<group>"; };
		05B6DBB12BABCED5001F7856 /* CodableBundleExtension.swift */ = {isa = PBXFileReference; lastKnownFileType = sourcecode.swift; path = CodableBundleExtension.swift; sourceTree = "<group>"; };
		05B6DBB32BABDDFE001F7856 /* AnimalListItemView.swift */ = {isa = PBXFileReference; lastKnownFileType = sourcecode.swift; path = AnimalListItemView.swift; sourceTree = "<group>"; };
		05C2913E2BBE28DE002B978B /* VideoModel.swift */ = {isa = PBXFileReference; lastKnownFileType = sourcecode.swift; path = VideoModel.swift; sourceTree = "<group>"; };
		05C291402BBE294F002B978B /* VideoListItemView.swift */ = {isa = PBXFileReference; lastKnownFileType = sourcecode.swift; path = VideoListItemView.swift; sourceTree = "<group>"; };
		05C291422BBE3553002B978B /* VideoPlayerView.swift */ = {isa = PBXFileReference; lastKnownFileType = sourcecode.swift; path = VideoPlayerView.swift; sourceTree = "<group>"; };
		05C291462BBE386F002B978B /* VideoPlayerHelper.swift */ = {isa = PBXFileReference; lastKnownFileType = sourcecode.swift; path = VideoPlayerHelper.swift; sourceTree = "<group>"; };
		05C30BF22BBCE28F0070767D /* ExternalWebslinkView.swift */ = {isa = PBXFileReference; lastKnownFileType = sourcecode.swift; path = ExternalWebslinkView.swift; sourceTree = "<group>"; };
		05C675802BACF80A00A9F705 /* AnimalModel.swift */ = {isa = PBXFileReference; lastKnownFileType = sourcecode.swift; path = AnimalModel.swift; sourceTree = "<group>"; };
		05CF20012BAD0576002F5658 /* AnimalDetailView.swift */ = {isa = PBXFileReference; lastKnownFileType = sourcecode.swift; path = AnimalDetailView.swift; sourceTree = "<group>"; };
		05CF20032BAD089B002F5658 /* HeadingView.swift */ = {isa = PBXFileReference; lastKnownFileType = sourcecode.swift; path = HeadingView.swift; sourceTree = "<group>"; };
		05CF20052BAD0A1B002F5658 /* InsetGalleryView.swift */ = {isa = PBXFileReference; lastKnownFileType = sourcecode.swift; path = InsetGalleryView.swift; sourceTree = "<group>"; };
/* End PBXFileReference section */

/* Begin PBXFrameworksBuildPhase section */
		05B6DB772BAA650B001F7856 /* Frameworks */ = {
			isa = PBXFrameworksBuildPhase;
			buildActionMask = 2147483647;
			files = (
			);
			runOnlyForDeploymentPostprocessing = 0;
		};
/* End PBXFrameworksBuildPhase section */

/* Begin PBXGroup section */
		05AEAF552BBE3E76008C2E87 /* Frameworks */ = {
			isa = PBXGroup;
			children = (
				05AEAF562BBE3E76008C2E87 /* AVKit.framework */,
			);
			name = Frameworks;
			sourceTree = "<group>";
		};
		05B6DB712BAA650A001F7856 = {
			isa = PBXGroup;
			children = (
				05B6DB7C2BAA650B001F7856 /* DemoAfrica */,
				05B6DB7B2BAA650B001F7856 /* Products */,
				05AEAF552BBE3E76008C2E87 /* Frameworks */,
			);
			sourceTree = "<group>";
		};
		05B6DB7B2BAA650B001F7856 /* Products */ = {
			isa = PBXGroup;
			children = (
				05B6DB7A2BAA650B001F7856 /* DemoAfrica.app */,
			);
			name = Products;
			sourceTree = "<group>";
		};
		05B6DB7C2BAA650B001F7856 /* DemoAfrica */ = {
			isa = PBXGroup;
			children = (
				05C291452BBE384F002B978B /* Helper */,
				05B6DBB02BABCEB3001F7856 /* Extension */,
				05B6DBAD2BABCDDA001F7856 /* Model */,
				05B6DBAA2BABC87F001F7856 /* View */,
				05B6DB9F2BAA68A3001F7856 /* Info.plist */,
				05B6DB962BAA678D001F7856 /* Data */,
				05B6DB8B2BAA6739001F7856 /* Video */,
				05B6DBA12BAA69A8001F7856 /* App */,
				05B6DB812BAA650D001F7856 /* Assets.xcassets */,
				05B6DB832BAA650D001F7856 /* Preview Content */,
			);
			path = DemoAfrica;
			sourceTree = "<group>";
		};
		05B6DB832BAA650D001F7856 /* Preview Content */ = {
			isa = PBXGroup;
			children = (
				05B6DB842BAA650D001F7856 /* Preview Assets.xcassets */,
			);
			path = "Preview Content";
			sourceTree = "<group>";
		};
		05B6DB8B2BAA6739001F7856 /* Video */ = {
			isa = PBXGroup;
			children = (
				05B183A42BBF75D300AC51FC /* cheetah.mp4 */,
				05B183AB2BBF75D400AC51FC /* elephant.mp4 */,
				05B183A22BBF75D300AC51FC /* giraffe.mp4 */,
				05B183A72BBF75D400AC51FC /* gorilla.mp4 */,
				05B183A82BBF75D400AC51FC /* hippo.mp4 */,
				05B183A32BBF75D300AC51FC /* lion.mp4 */,
				05B183A62BBF75D400AC51FC /* lioness.mp4 */,
				05B183A52BBF75D300AC51FC /* ostrich.mp4 */,
				05B183A92BBF75D400AC51FC /* rhino.mp4 */,
				05B183AA2BBF75D400AC51FC /* zebra.mp4 */,
			);
			path = Video;
			sourceTree = "<group>";
		};
		05B6DB962BAA678D001F7856 /* Data */ = {
			isa = PBXGroup;
			children = (
				05B6DB9A2BAA67A9001F7856 /* animals.json */,
				05B6DB982BAA67A9001F7856 /* covers.json */,
				05B6DB972BAA67A8001F7856 /* locations.json */,
				05B6DB992BAA67A9001F7856 /* videos.json */,
			);
			path = Data;
			sourceTree = "<group>";
		};
		05B6DBA12BAA69A8001F7856 /* App */ = {
			isa = PBXGroup;
			children = (
				05B6DB7D2BAA650B001F7856 /* DemoAfricaApp.swift */,
				05B6DB7F2BAA650B001F7856 /* ContentView.swift */,
				05B6DBA22BAA69EA001F7856 /* VideoListView.swift */,
				05B6DBA42BAA69FE001F7856 /* MapView.swift */,
				05B6DBA62BAA6A15001F7856 /* GalleryView.swift */,
				05B6DBA82BAA6A4D001F7856 /* MainView.swift */,
			);
			path = App;
			sourceTree = "<group>";
		};
		05B6DBAA2BABC87F001F7856 /* View */ = {
			isa = PBXGroup;
			children = (
				05B6DBAB2BABC88D001F7856 /* CoverImageView.swift */,
				05B6DBB32BABDDFE001F7856 /* AnimalListItemView.swift */,
				05CF20012BAD0576002F5658 /* AnimalDetailView.swift */,
				05CF20032BAD089B002F5658 /* HeadingView.swift */,
				05CF20052BAD0A1B002F5658 /* InsetGalleryView.swift */,
				05B2F1852BAE547E00D31930 /* InsetFactView.swift */,
				05B2F1872BAE5C3400D31930 /* InsetMapView.swift */,
				05C30BF22BBCE28F0070767D /* ExternalWebslinkView.swift */,
				05C291402BBE294F002B978B /* VideoListItemView.swift */,
				05C291422BBE3553002B978B /* VideoPlayerView.swift */,
				05B6BDBB2BC1D61300EA3C6A /* MapAnnotationView.swift */,
				05B6BDBD2BC20C2E00EA3C6A /* MotionAnimationView.swift */,
			);
			path = View;
			sourceTree = "<group>";
		};
		05B6DBAD2BABCDDA001F7856 /* Model */ = {
			isa = PBXGroup;
			children = (
				05B6DBAE2BABCE02001F7856 /* CoverImageModel.swift */,
				05C675802BACF80A00A9F705 /* AnimalModel.swift */,
				05C2913E2BBE28DE002B978B /* VideoModel.swift */,
				05B6BDB92BC0C80D00EA3C6A /* LocationModel.swift */,
			);
			path = Model;
			sourceTree = "<group>";
		};
		05B6DBB02BABCEB3001F7856 /* Extension */ = {
			isa = PBXGroup;
			children = (
				05B6DBB12BABCED5001F7856 /* CodableBundleExtension.swift */,
			);
			path = Extension;
			sourceTree = "<group>";
		};
		05C291452BBE384F002B978B /* Helper */ = {
			isa = PBXGroup;
			children = (
				05C291462BBE386F002B978B /* VideoPlayerHelper.swift */,
			);
			path = Helper;
			sourceTree = "<group>";
		};
/* End PBXGroup section */

/* Begin PBXNativeTarget section */
		05B6DB792BAA650B001F7856 /* DemoAfrica */ = {
			isa = PBXNativeTarget;
			buildConfigurationList = 05B6DB882BAA650D001F7856 /* Build configuration list for PBXNativeTarget "DemoAfrica" */;
			buildPhases = (
				05B6DB762BAA650B001F7856 /* Sources */,
				05B6DB772BAA650B001F7856 /* Frameworks */,
				05B6DB782BAA650B001F7856 /* Resources */,
			);
			buildRules = (
			);
			dependencies = (
			);
			name = DemoAfrica;
			productName = DemoAfrica;
			productReference = 05B6DB7A2BAA650B001F7856 /* DemoAfrica.app */;
			productType = "com.apple.product-type.application";
		};
/* End PBXNativeTarget section */

/* Begin PBXProject section */
		05B6DB722BAA650A001F7856 /* Project object */ = {
			isa = PBXProject;
			attributes = {
				BuildIndependentTargetsInParallel = 1;
				LastSwiftUpdateCheck = 1520;
				LastUpgradeCheck = 1520;
				TargetAttributes = {
					05B6DB792BAA650B001F7856 = {
						CreatedOnToolsVersion = 15.2;
					};
				};
			};
			buildConfigurationList = 05B6DB752BAA650A001F7856 /* Build configuration list for PBXProject "DemoAfrica" */;
			compatibilityVersion = "Xcode 14.0";
			developmentRegion = en;
			hasScannedForEncodings = 0;
			knownRegions = (
				en,
				Base,
			);
			mainGroup = 05B6DB712BAA650A001F7856;
			productRefGroup = 05B6DB7B2BAA650B001F7856 /* Products */;
			projectDirPath = "";
			projectRoot = "";
			targets = (
				05B6DB792BAA650B001F7856 /* DemoAfrica */,
			);
		};
/* End PBXProject section */

/* Begin PBXResourcesBuildPhase section */
		05B6DB782BAA650B001F7856 /* Resources */ = {
			isa = PBXResourcesBuildPhase;
			buildActionMask = 2147483647;
			files = (
				05B6DB852BAA650D001F7856 /* Preview Assets.xcassets in Resources */,
				05B183B42BBF75D500AC51FC /* zebra.mp4 in Resources */,
				05B183B02BBF75D500AC51FC /* lioness.mp4 in Resources */,
				05B183AD2BBF75D500AC51FC /* lion.mp4 in Resources */,
				05B6DB9C2BAA67A9001F7856 /* covers.json in Resources */,
				05B183B32BBF75D500AC51FC /* rhino.mp4 in Resources */,
				05B183B12BBF75D500AC51FC /* gorilla.mp4 in Resources */,
				05B6DB9D2BAA67A9001F7856 /* videos.json in Resources */,
				05B183B22BBF75D500AC51FC /* hippo.mp4 in Resources */,
				05B6DB9E2BAA67A9001F7856 /* animals.json in Resources */,
				05B6DB9B2BAA67A9001F7856 /* locations.json in Resources */,
				05B183AC2BBF75D500AC51FC /* giraffe.mp4 in Resources */,
				05B183B52BBF75D500AC51FC /* elephant.mp4 in Resources */,
				05B6DB822BAA650D001F7856 /* Assets.xcassets in Resources */,
				05B183AF2BBF75D500AC51FC /* ostrich.mp4 in Resources */,
				05B183AE2BBF75D500AC51FC /* cheetah.mp4 in Resources */,
			);
			runOnlyForDeploymentPostprocessing = 0;
		};
/* End PBXResourcesBuildPhase section */

/* Begin PBXSourcesBuildPhase section */
		05B6DB762BAA650B001F7856 /* Sources */ = {
			isa = PBXSourcesBuildPhase;
			buildActionMask = 2147483647;
			files = (
				05B6DBB42BABDDFE001F7856 /* AnimalListItemView.swift in Sources */,
				05B6DB802BAA650B001F7856 /* ContentView.swift in Sources */,
				05B6DBA92BAA6A4D001F7856 /* MainView.swift in Sources */,
				05B2F1862BAE547E00D31930 /* InsetFactView.swift in Sources */,
				05B6DBAC2BABC88D001F7856 /* CoverImageView.swift in Sources */,
				05B6DBAF2BABCE02001F7856 /* CoverImageModel.swift in Sources */,
				05CF20022BAD0576002F5658 /* AnimalDetailView.swift in Sources */,
				05C675812BACF80A00A9F705 /* AnimalModel.swift in Sources */,
				05B6DBA52BAA69FF001F7856 /* MapView.swift in Sources */,
				05B2F1882BAE5C3400D31930 /* InsetMapView.swift in Sources */,
				05C291472BBE386F002B978B /* VideoPlayerHelper.swift in Sources */,
				05B6DB7E2BAA650B001F7856 /* DemoAfricaApp.swift in Sources */,
				05C30BF32BBCE28F0070767D /* ExternalWebslinkView.swift in Sources */,
				05B6BDBC2BC1D61300EA3C6A /* MapAnnotationView.swift in Sources */,
				05B6DBA32BAA69EA001F7856 /* VideoListView.swift in Sources */,
				05C2913F2BBE28DE002B978B /* VideoModel.swift in Sources */,
				05B6DBA72BAA6A15001F7856 /* GalleryView.swift in Sources */,
				05B6BDBA2BC0C80D00EA3C6A /* LocationModel.swift in Sources */,
				05CF20062BAD0A1B002F5658 /* InsetGalleryView.swift in Sources */,
				05C291412BBE294F002B978B /* VideoListItemView.swift in Sources */,
				05B6DBB22BABCED5001F7856 /* CodableBundleExtension.swift in Sources */,
				05B6BDBE2BC20C2E00EA3C6A /* MotionAnimationView.swift in Sources */,
				05CF20042BAD089B002F5658 /* HeadingView.swift in Sources */,
				05C291432BBE3553002B978B /* VideoPlayerView.swift in Sources */,
			);
			runOnlyForDeploymentPostprocessing = 0;
		};
/* End PBXSourcesBuildPhase section */

/* Begin XCBuildConfiguration section */
		05B6DB862BAA650D001F7856 /* Debug */ = {
			isa = XCBuildConfiguration;
			buildSettings = {
				ALWAYS_SEARCH_USER_PATHS = NO;
				ASSETCATALOG_COMPILER_GENERATE_SWIFT_ASSET_SYMBOL_EXTENSIONS = YES;
				CLANG_ANALYZER_NONNULL = YES;
				CLANG_ANALYZER_NUMBER_OBJECT_CONVERSION = YES_AGGRESSIVE;
				CLANG_CXX_LANGUAGE_STANDARD = "gnu++20";
				CLANG_ENABLE_MODULES = YES;
				CLANG_ENABLE_OBJC_ARC = YES;
				CLANG_ENABLE_OBJC_WEAK = YES;
				CLANG_WARN_BLOCK_CAPTURE_AUTORELEASING = YES;
				CLANG_WARN_BOOL_CONVERSION = YES;
				CLANG_WARN_COMMA = YES;
				CLANG_WARN_CONSTANT_CONVERSION = YES;
				CLANG_WARN_DEPRECATED_OBJC_IMPLEMENTATIONS = YES;
				CLANG_WARN_DIRECT_OBJC_ISA_USAGE = YES_ERROR;
				CLANG_WARN_DOCUMENTATION_COMMENTS = YES;
				CLANG_WARN_EMPTY_BODY = YES;
				CLANG_WARN_ENUM_CONVERSION = YES;
				CLANG_WARN_INFINITE_RECURSION = YES;
				CLANG_WARN_INT_CONVERSION = YES;
				CLANG_WARN_NON_LITERAL_NULL_CONVERSION = YES;
				CLANG_WARN_OBJC_IMPLICIT_RETAIN_SELF = YES;
				CLANG_WARN_OBJC_LITERAL_CONVERSION = YES;
				CLANG_WARN_OBJC_ROOT_CLASS = YES_ERROR;
				CLANG_WARN_QUOTED_INCLUDE_IN_FRAMEWORK_HEADER = YES;
				CLANG_WARN_RANGE_LOOP_ANALYSIS = YES;
				CLANG_WARN_STRICT_PROTOTYPES = YES;
				CLANG_WARN_SUSPICIOUS_MOVE = YES;
				CLANG_WARN_UNGUARDED_AVAILABILITY = YES_AGGRESSIVE;
				CLANG_WARN_UNREACHABLE_CODE = YES;
				CLANG_WARN__DUPLICATE_METHOD_MATCH = YES;
				COPY_PHASE_STRIP = NO;
				DEBUG_INFORMATION_FORMAT = dwarf;
				ENABLE_STRICT_OBJC_MSGSEND = YES;
				ENABLE_TESTABILITY = YES;
				ENABLE_USER_SCRIPT_SANDBOXING = YES;
				GCC_C_LANGUAGE_STANDARD = gnu17;
				GCC_DYNAMIC_NO_PIC = NO;
				GCC_NO_COMMON_BLOCKS = YES;
				GCC_OPTIMIZATION_LEVEL = 0;
				GCC_PREPROCESSOR_DEFINITIONS = (
					"DEBUG=1",
					"$(inherited)",
				);
				GCC_WARN_64_TO_32_BIT_CONVERSION = YES;
				GCC_WARN_ABOUT_RETURN_TYPE = YES_ERROR;
				GCC_WARN_UNDECLARED_SELECTOR = YES;
				GCC_WARN_UNINITIALIZED_AUTOS = YES_AGGRESSIVE;
				GCC_WARN_UNUSED_FUNCTION = YES;
				GCC_WARN_UNUSED_VARIABLE = YES;
				IPHONEOS_DEPLOYMENT_TARGET = 17.2;
				LOCALIZATION_PREFERS_STRING_CATALOGS = YES;
				MTL_ENABLE_DEBUG_INFO = INCLUDE_SOURCE;
				MTL_FAST_MATH = YES;
				ONLY_ACTIVE_ARCH = YES;
				SDKROOT = iphoneos;
				SWIFT_ACTIVE_COMPILATION_CONDITIONS = "DEBUG $(inherited)";
				SWIFT_OPTIMIZATION_LEVEL = "-Onone";
			};
			name = Debug;
		};
		05B6DB872BAA650D001F7856 /* Release */ = {
			isa = XCBuildConfiguration;
			buildSettings = {
				ALWAYS_SEARCH_USER_PATHS = NO;
				ASSETCATALOG_COMPILER_GENERATE_SWIFT_ASSET_SYMBOL_EXTENSIONS = YES;
				CLANG_ANALYZER_NONNULL = YES;
				CLANG_ANALYZER_NUMBER_OBJECT_CONVERSION = YES_AGGRESSIVE;
				CLANG_CXX_LANGUAGE_STANDARD = "gnu++20";
				CLANG_ENABLE_MODULES = YES;
				CLANG_ENABLE_OBJC_ARC = YES;
				CLANG_ENABLE_OBJC_WEAK = YES;
				CLANG_WARN_BLOCK_CAPTURE_AUTORELEASING = YES;
				CLANG_WARN_BOOL_CONVERSION = YES;
				CLANG_WARN_COMMA = YES;
				CLANG_WARN_CONSTANT_CONVERSION = YES;
				CLANG_WARN_DEPRECATED_OBJC_IMPLEMENTATIONS = YES;
				CLANG_WARN_DIRECT_OBJC_ISA_USAGE = YES_ERROR;
				CLANG_WARN_DOCUMENTATION_COMMENTS = YES;
				CLANG_WARN_EMPTY_BODY = YES;
				CLANG_WARN_ENUM_CONVERSION = YES;
				CLANG_WARN_INFINITE_RECURSION = YES;
				CLANG_WARN_INT_CONVERSION = YES;
				CLANG_WARN_NON_LITERAL_NULL_CONVERSION = YES;
				CLANG_WARN_OBJC_IMPLICIT_RETAIN_SELF = YES;
				CLANG_WARN_OBJC_LITERAL_CONVERSION = YES;
				CLANG_WARN_OBJC_ROOT_CLASS = YES_ERROR;
				CLANG_WARN_QUOTED_INCLUDE_IN_FRAMEWORK_HEADER = YES;
				CLANG_WARN_RANGE_LOOP_ANALYSIS = YES;
				CLANG_WARN_STRICT_PROTOTYPES = YES;
				CLANG_WARN_SUSPICIOUS_MOVE = YES;
				CLANG_WARN_UNGUARDED_AVAILABILITY = YES_AGGRESSIVE;
				CLANG_WARN_UNREACHABLE_CODE = YES;
				CLANG_WARN__DUPLICATE_METHOD_MATCH = YES;
				COPY_PHASE_STRIP = NO;
				DEBUG_INFORMATION_FORMAT = "dwarf-with-dsym";
				ENABLE_NS_ASSERTIONS = NO;
				ENABLE_STRICT_OBJC_MSGSEND = YES;
				ENABLE_USER_SCRIPT_SANDBOXING = YES;
				GCC_C_LANGUAGE_STANDARD = gnu17;
				GCC_NO_COMMON_BLOCKS = YES;
				GCC_WARN_64_TO_32_BIT_CONVERSION = YES;
				GCC_WARN_ABOUT_RETURN_TYPE = YES_ERROR;
				GCC_WARN_UNDECLARED_SELECTOR = YES;
				GCC_WARN_UNINITIALIZED_AUTOS = YES_AGGRESSIVE;
				GCC_WARN_UNUSED_FUNCTION = YES;
				GCC_WARN_UNUSED_VARIABLE = YES;
				IPHONEOS_DEPLOYMENT_TARGET = 17.2;
				LOCALIZATION_PREFERS_STRING_CATALOGS = YES;
				MTL_ENABLE_DEBUG_INFO = NO;
				MTL_FAST_MATH = YES;
				SDKROOT = iphoneos;
				SWIFT_COMPILATION_MODE = wholemodule;
				VALIDATE_PRODUCT = YES;
			};
			name = Release;
		};
		05B6DB892BAA650D001F7856 /* Debug */ = {
			isa = XCBuildConfiguration;
			buildSettings = {
				ASSETCATALOG_COMPILER_APPICON_NAME = AppIcon;
				ASSETCATALOG_COMPILER_GLOBAL_ACCENT_COLOR_NAME = AccentColor;
				CODE_SIGN_STYLE = Automatic;
				CURRENT_PROJECT_VERSION = 1;
				DEVELOPMENT_ASSET_PATHS = "\"DemoAfrica/Preview Content\"";
				DEVELOPMENT_TEAM = 6LYSCZM2WQ;
				ENABLE_PREVIEWS = YES;
				GENERATE_INFOPLIST_FILE = YES;
				INFOPLIST_FILE = DemoAfrica/Info.plist;
				INFOPLIST_KEY_UIApplicationSceneManifest_Generation = YES;
				INFOPLIST_KEY_UIApplicationSupportsIndirectInputEvents = YES;
				INFOPLIST_KEY_UISupportedInterfaceOrientations_iPad = "UIInterfaceOrientationPortrait UIInterfaceOrientationPortraitUpsideDown UIInterfaceOrientationLandscapeLeft UIInterfaceOrientationLandscapeRight";
				INFOPLIST_KEY_UISupportedInterfaceOrientations_iPhone = "UIInterfaceOrientationPortrait UIInterfaceOrientationLandscapeLeft UIInterfaceOrientationLandscapeRight";
				INFOPLIST_KEY_UIUserInterfaceStyle = Dark;
				LD_RUNPATH_SEARCH_PATHS = (
					"$(inherited)",
					"@executable_path/Frameworks",
				);
				MARKETING_VERSION = 1.0;
				PRODUCT_BUNDLE_IDENTIFIER = com.gidsarlab.DemoAfrica;
				PRODUCT_NAME = "$(TARGET_NAME)";
				SWIFT_EMIT_LOC_STRINGS = YES;
				SWIFT_VERSION = 5.0;
				TARGETED_DEVICE_FAMILY = "1,2";
			};
			name = Debug;
		};
		05B6DB8A2BAA650D001F7856 /* Release */ = {
			isa = XCBuildConfiguration;
			buildSettings = {
				ASSETCATALOG_COMPILER_APPICON_NAME = AppIcon;
				ASSETCATALOG_COMPILER_GLOBAL_ACCENT_COLOR_NAME = AccentColor;
				CODE_SIGN_STYLE = Automatic;
				CURRENT_PROJECT_VERSION = 1;
				DEVELOPMENT_ASSET_PATHS = "\"DemoAfrica/Preview Content\"";
				DEVELOPMENT_TEAM = 6LYSCZM2WQ;
				ENABLE_PREVIEWS = YES;
				GENERATE_INFOPLIST_FILE = YES;
				INFOPLIST_FILE = DemoAfrica/Info.plist;
				INFOPLIST_KEY_UIApplicationSceneManifest_Generation = YES;
				INFOPLIST_KEY_UIApplicationSupportsIndirectInputEvents = YES;
				INFOPLIST_KEY_UISupportedInterfaceOrientations_iPad = "UIInterfaceOrientationPortrait UIInterfaceOrientationPortraitUpsideDown UIInterfaceOrientationLandscapeLeft UIInterfaceOrientationLandscapeRight";
				INFOPLIST_KEY_UISupportedInterfaceOrientations_iPhone = "UIInterfaceOrientationPortrait UIInterfaceOrientationLandscapeLeft UIInterfaceOrientationLandscapeRight";
				INFOPLIST_KEY_UIUserInterfaceStyle = Dark;
				LD_RUNPATH_SEARCH_PATHS = (
					"$(inherited)",
					"@executable_path/Frameworks",
				);
				MARKETING_VERSION = 1.0;
				PRODUCT_BUNDLE_IDENTIFIER = com.gidsarlab.DemoAfrica;
				PRODUCT_NAME = "$(TARGET_NAME)";
				SWIFT_EMIT_LOC_STRINGS = YES;
				SWIFT_VERSION = 5.0;
				TARGETED_DEVICE_FAMILY = "1,2";
			};
			name = Release;
		};
/* End XCBuildConfiguration section */

/* Begin XCConfigurationList section */
		05B6DB752BAA650A001F7856 /* Build configuration list for PBXProject "DemoAfrica" */ = {
			isa = XCConfigurationList;
			buildConfigurations = (
				05B6DB862BAA650D001F7856 /* Debug */,
				05B6DB872BAA650D001F7856 /* Release */,
			);
			defaultConfigurationIsVisible = 0;
			defaultConfigurationName = Release;
		};
		05B6DB882BAA650D001F7856 /* Build configuration list for PBXNativeTarget "DemoAfrica" */ = {
			isa = XCConfigurationList;
			buildConfigurations = (
				05B6DB892BAA650D001F7856 /* Debug */,
				05B6DB8A2BAA650D001F7856 /* Release */,
			);
			defaultConfigurationIsVisible = 0;
			defaultConfigurationName = Release;
		};
/* End XCConfigurationList section */
	};
	rootObject = 05B6DB722BAA650A001F7856 /* Project object */;
}
